
Microsoft Visual Studio Solution File, Format Version 12.00
# Visual Studio Version 16
VisualStudioVersion = 16.0.30011.22
MinimumVisualStudioVersion = 10.0.40219.1
Project("{FAE04EC0-301F-11D3-BF4B-00C04F79EFBC}") = "Williams Accumulation Distribution", "Williams Accumulation Distribution\Williams Accumulation Distribution.csproj", "{5747fa6f-0c4b-446c-a8d2-5ac6c33ee373}"
EndProject
Global
	GlobalSection(SolutionConfigurationPlatforms) = preSolution
		Debug|Any CPU = Debug|Any CPU
		Release|Any CPU = Release|Any CPU
	EndGlobalSection
	GlobalSection(ProjectConfigurationPlatforms) = postSolution
		{5747fa6f-0c4b-446c-a8d2-5ac6c33ee373}.Debug|Any CPU.ActiveCfg = Debug|Any CPU
		{5747fa6f-0c4b-446c-a8d2-5ac6c33ee373}.Debug|Any CPU.Build.0 = Debug|Any CPU
		{5747fa6f-0c4b-446c-a8d2-5ac6c33ee373}.Release|Any CPU.ActiveCfg = Release|Any CPU
		{5747fa6f-0c4b-446c-a8d2-5ac6c33ee373}.Release|Any CPU.Build.0 = Release|Any CPU
	EndGlobalSection
	GlobalSection(SolutionProperties) = preSolution
		HideSolutionNode = FALSE
	EndGlobalSection
EndGlobal
