
Microsoft Visual Studio Solution File, Format Version 12.00
# Visual Studio Version 16
VisualStudioVersion = 16.0.30011.22
MinimumVisualStudioVersion = 10.0.40219.1
Project("{FAE04EC0-301F-11D3-BF4B-00C04F79EFBC}") = "TestRobot", "TestRobot\TestRobot.csproj", "{069f2634-96a5-4b26-983b-04f7f2ca34d9}"
EndProject
Global
	GlobalSection(SolutionConfigurationPlatforms) = preSolution
		Debug|Any CPU = Debug|Any CPU
		Release|Any CPU = Release|Any CPU
	EndGlobalSection
	GlobalSection(ProjectConfigurationPlatforms) = postSolution
		{069f2634-96a5-4b26-983b-04f7f2ca34d9}.Debug|Any CPU.ActiveCfg = Debug|Any CPU
		{069f2634-96a5-4b26-983b-04f7f2ca34d9}.Debug|Any CPU.Build.0 = Debug|Any CPU
		{069f2634-96a5-4b26-983b-04f7f2ca34d9}.Release|Any CPU.ActiveCfg = Release|Any CPU
		{069f2634-96a5-4b26-983b-04f7f2ca34d9}.Release|Any CPU.Build.0 = Release|Any CPU
	EndGlobalSection
	GlobalSection(SolutionProperties) = preSolution
		HideSolutionNode = FALSE
	EndGlobalSection
EndGlobal
