
Microsoft Visual Studio Solution File, Format Version 12.00
# Visual Studio Version 16
VisualStudioVersion = 16.0.30011.22
MinimumVisualStudioVersion = 10.0.40219.1
Project("{FAE04EC0-301F-11D3-BF4B-00C04F79EFBC}") = "StopTriggerMethod Sample", "StopTriggerMethod Sample\StopTriggerMethod Sample.csproj", "{a03f2591-4766-4c14-bbfc-5be514ebf72c}"
EndProject
Global
	GlobalSection(SolutionConfigurationPlatforms) = preSolution
		Debug|Any CPU = Debug|Any CPU
		Release|Any CPU = Release|Any CPU
	EndGlobalSection
	GlobalSection(ProjectConfigurationPlatforms) = postSolution
		{a03f2591-4766-4c14-bbfc-5be514ebf72c}.Debug|Any CPU.ActiveCfg = Debug|Any CPU
		{a03f2591-4766-4c14-bbfc-5be514ebf72c}.Debug|Any CPU.Build.0 = Debug|Any CPU
		{a03f2591-4766-4c14-bbfc-5be514ebf72c}.Release|Any CPU.ActiveCfg = Release|Any CPU
		{a03f2591-4766-4c14-bbfc-5be514ebf72c}.Release|Any CPU.Build.0 = Release|Any CPU
	EndGlobalSection
	GlobalSection(SolutionProperties) = preSolution
		HideSolutionNode = FALSE
	EndGlobalSection
EndGlobal
