
Microsoft Visual Studio Solution File, Format Version 12.00
# Visual Studio Version 16
VisualStudioVersion = 16.0.30011.22
MinimumVisualStudioVersion = 10.0.40219.1
Project("{FAE04EC0-301F-11D3-BF4B-00C04F79EFBC}") = "Commands Sample", "Commands Sample\Commands Sample.csproj", "{8597dde4-2dea-4e5a-9f03-99b97d97c627}"
EndProject
Global
	GlobalSection(SolutionConfigurationPlatforms) = preSolution
		Debug|Any CPU = Debug|Any CPU
		Release|Any CPU = Release|Any CPU
	EndGlobalSection
	GlobalSection(ProjectConfigurationPlatforms) = postSolution
		{8597dde4-2dea-4e5a-9f03-99b97d97c627}.Debug|Any CPU.ActiveCfg = Debug|Any CPU
		{8597dde4-2dea-4e5a-9f03-99b97d97c627}.Debug|Any CPU.Build.0 = Debug|Any CPU
		{8597dde4-2dea-4e5a-9f03-99b97d97c627}.Release|Any CPU.ActiveCfg = Release|Any CPU
		{8597dde4-2dea-4e5a-9f03-99b97d97c627}.Release|Any CPU.Build.0 = Release|Any CPU
	EndGlobalSection
	GlobalSection(SolutionProperties) = preSolution
		HideSolutionNode = FALSE
	EndGlobalSection
EndGlobal
