
Microsoft Visual Studio Solution File, Format Version 12.00
# Visual Studio Version 16
VisualStudioVersion = 16.0.30011.22
MinimumVisualStudioVersion = 10.0.40219.1
Project("{FAE04EC0-301F-11D3-BF4B-00C04F79EFBC}") = "Chart Text Sample", "Chart Text Sample\Chart Text Sample.csproj", "{e1dea1c6-2efe-4c8f-9ef5-21409a49451b}"
EndProject
Global
	GlobalSection(SolutionConfigurationPlatforms) = preSolution
		Debug|Any CPU = Debug|Any CPU
		Release|Any CPU = Release|Any CPU
	EndGlobalSection
	GlobalSection(ProjectConfigurationPlatforms) = postSolution
		{e1dea1c6-2efe-4c8f-9ef5-21409a49451b}.Debug|Any CPU.ActiveCfg = Debug|Any CPU
		{e1dea1c6-2efe-4c8f-9ef5-21409a49451b}.Debug|Any CPU.Build.0 = Debug|Any CPU
		{e1dea1c6-2efe-4c8f-9ef5-21409a49451b}.Release|Any CPU.ActiveCfg = Release|Any CPU
		{e1dea1c6-2efe-4c8f-9ef5-21409a49451b}.Release|Any CPU.Build.0 = Release|Any CPU
	EndGlobalSection
	GlobalSection(SolutionProperties) = preSolution
		HideSolutionNode = FALSE
	EndGlobalSection
EndGlobal
