
Microsoft Visual Studio Solution File, Format Version 12.00
# Visual Studio Version 16
VisualStudioVersion = 16.0.30011.22
MinimumVisualStudioVersion = 10.0.40219.1
Project("{FAE04EC0-301F-11D3-BF4B-00C04F79EFBC}") = "ChartDragEventArgs Sample", "ChartDragEventArgs Sample\ChartDragEventArgs Sample.csproj", "{7cbdb965-fd1d-4c5e-bcd5-e33edaa6c02f}"
EndProject
Global
	GlobalSection(SolutionConfigurationPlatforms) = preSolution
		Debug|Any CPU = Debug|Any CPU
		Release|Any CPU = Release|Any CPU
	EndGlobalSection
	GlobalSection(ProjectConfigurationPlatforms) = postSolution
		{7cbdb965-fd1d-4c5e-bcd5-e33edaa6c02f}.Debug|Any CPU.ActiveCfg = Debug|Any CPU
		{7cbdb965-fd1d-4c5e-bcd5-e33edaa6c02f}.Debug|Any CPU.Build.0 = Debug|Any CPU
		{7cbdb965-fd1d-4c5e-bcd5-e33edaa6c02f}.Release|Any CPU.ActiveCfg = Release|Any CPU
		{7cbdb965-fd1d-4c5e-bcd5-e33edaa6c02f}.Release|Any CPU.Build.0 = Release|Any CPU
	EndGlobalSection
	GlobalSection(SolutionProperties) = preSolution
		HideSolutionNode = FALSE
	EndGlobalSection
EndGlobal
