
Microsoft Visual Studio Solution File, Format Version 12.00
# Visual Studio Version 16
VisualStudioVersion = 16.0.30011.22
MinimumVisualStudioVersion = 10.0.40219.1
Project("{FAE04EC0-301F-11D3-BF4B-00C04F79EFBC}") = "Bulls Power", "Bulls Power\Bulls Power.csproj", "{1eb17f97-ac54-4fdc-a966-ed1ec37b99e7}"
EndProject
Global
	GlobalSection(SolutionConfigurationPlatforms) = preSolution
		Debug|Any CPU = Debug|Any CPU
		Release|Any CPU = Release|Any CPU
	EndGlobalSection
	GlobalSection(ProjectConfigurationPlatforms) = postSolution
		{1eb17f97-ac54-4fdc-a966-ed1ec37b99e7}.Debug|Any CPU.ActiveCfg = Debug|Any CPU
		{1eb17f97-ac54-4fdc-a966-ed1ec37b99e7}.Debug|Any CPU.Build.0 = Debug|Any CPU
		{1eb17f97-ac54-4fdc-a966-ed1ec37b99e7}.Release|Any CPU.ActiveCfg = Release|Any CPU
		{1eb17f97-ac54-4fdc-a966-ed1ec37b99e7}.Release|Any CPU.Build.0 = Release|Any CPU
	EndGlobalSection
	GlobalSection(SolutionProperties) = preSolution
		HideSolutionNode = FALSE
	EndGlobalSection
EndGlobal
