
Microsoft Visual Studio Solution File, Format Version 12.00
# Visual Studio Version 16
VisualStudioVersion = 16.0.30011.22
MinimumVisualStudioVersion = 10.0.40219.1
Project("{FAE04EC0-301F-11D3-BF4B-00C04F79EFBC}") = "Sample cBot Reference SMA", "Sample cBot Reference SMA\Sample cBot Reference SMA.csproj", "{4BB3A0C7-6A70-4779-B155-FF905A6588C2}"
EndProject
Project("{FAE04EC0-301F-11D3-BF4B-00C04F79EFBC}") = "SampleSMA", "..\..\Indicators\SampleSMA\SampleSMA\SampleSMA.csproj", "{2C290346-4622-46D8-8517-28E6C4C9C205}"
EndProject
Global
	GlobalSection(SolutionConfigurationPlatforms) = preSolution
		Debug|Any CPU = Debug|Any CPU
		Release|Any CPU = Release|Any CPU
	EndGlobalSection
	GlobalSection(ProjectConfigurationPlatforms) = postSolution
		{4bb3a0c7-6a70-4779-b155-ff905a6588c2}.Debug|Any CPU.ActiveCfg = Debug|Any CPU
		{4bb3a0c7-6a70-4779-b155-ff905a6588c2}.Debug|Any CPU.Build.0 = Debug|Any CPU
		{4bb3a0c7-6a70-4779-b155-ff905a6588c2}.Release|Any CPU.ActiveCfg = Release|Any CPU
		{4bb3a0c7-6a70-4779-b155-ff905a6588c2}.Release|Any CPU.Build.0 = Release|Any CPU
		{2C290346-4622-46D8-8517-28E6C4C9C205}.Debug|Any CPU.ActiveCfg = Debug|Any CPU
		{2C290346-4622-46D8-8517-28E6C4C9C205}.Debug|Any CPU.Build.0 = Debug|Any CPU
		{2C290346-4622-46D8-8517-28E6C4C9C205}.Release|Any CPU.ActiveCfg = Release|Any CPU
		{2C290346-4622-46D8-8517-28E6C4C9C205}.Release|Any CPU.Build.0 = Release|Any CPU
	EndGlobalSection
	GlobalSection(SolutionProperties) = preSolution
		HideSolutionNode = FALSE
	EndGlobalSection
EndGlobal
