
Microsoft Visual Studio Solution File, Format Version 12.00
# Visual Studio Version 16
VisualStudioVersion = 16.0.30011.22
MinimumVisualStudioVersion = 10.0.40219.1
Project("{FAE04EC0-301F-11D3-BF4B-00C04F79EFBC}") = "Http Requests Sample", "Http Requests Sample\Http Requests Sample.csproj", "{b7b28868-dd97-4464-a6cc-1c5290fb644d}"
EndProject
Global
	GlobalSection(SolutionConfigurationPlatforms) = preSolution
		Debug|Any CPU = Debug|Any CPU
		Release|Any CPU = Release|Any CPU
	EndGlobalSection
	GlobalSection(ProjectConfigurationPlatforms) = postSolution
		{b7b28868-dd97-4464-a6cc-1c5290fb644d}.Debug|Any CPU.ActiveCfg = Debug|Any CPU
		{b7b28868-dd97-4464-a6cc-1c5290fb644d}.Debug|Any CPU.Build.0 = Debug|Any CPU
		{b7b28868-dd97-4464-a6cc-1c5290fb644d}.Release|Any CPU.ActiveCfg = Release|Any CPU
		{b7b28868-dd97-4464-a6cc-1c5290fb644d}.Release|Any CPU.Build.0 = Release|Any CPU
	EndGlobalSection
	GlobalSection(SolutionProperties) = preSolution
		HideSolutionNode = FALSE
	EndGlobalSection
EndGlobal
