
Microsoft Visual Studio Solution File, Format Version 12.00
# Visual Studio Version 16
VisualStudioVersion = 16.0.30011.22
MinimumVisualStudioVersion = 10.0.40219.1
Project("{FAE04EC0-301F-11D3-BF4B-00C04F79EFBC}") = "Sample Close Profitable Positions cBot", "Sample Close Profitable Positions cBot\Sample Close Profitable Positions cBot.csproj", "{1003a121-2ab9-483c-8bcd-3418902eacca}"
EndProject
Global
	GlobalSection(SolutionConfigurationPlatforms) = preSolution
		Debug|Any CPU = Debug|Any CPU
		Release|Any CPU = Release|Any CPU
	EndGlobalSection
	GlobalSection(ProjectConfigurationPlatforms) = postSolution
		{1003a121-2ab9-483c-8bcd-3418902eacca}.Debug|Any CPU.ActiveCfg = Debug|Any CPU
		{1003a121-2ab9-483c-8bcd-3418902eacca}.Debug|Any CPU.Build.0 = Debug|Any CPU
		{1003a121-2ab9-483c-8bcd-3418902eacca}.Release|Any CPU.ActiveCfg = Release|Any CPU
		{1003a121-2ab9-483c-8bcd-3418902eacca}.Release|Any CPU.Build.0 = Release|Any CPU
	EndGlobalSection
	GlobalSection(SolutionProperties) = preSolution
		HideSolutionNode = FALSE
	EndGlobalSection
EndGlobal
