
Microsoft Visual Studio Solution File, Format Version 12.00
# Visual Studio Version 16
VisualStudioVersion = 16.0.30011.22
MinimumVisualStudioVersion = 10.0.40219.1
Project("{FAE04EC0-301F-11D3-BF4B-00C04F79EFBC}") = "Smooth Mouse Move Sample", "Smooth Mouse Move Sample\Smooth Mouse Move Sample.csproj", "{f2235db4-1574-4c74-b6a1-74afcbd32352}"
EndProject
Global
	GlobalSection(SolutionConfigurationPlatforms) = preSolution
		Debug|Any CPU = Debug|Any CPU
		Release|Any CPU = Release|Any CPU
	EndGlobalSection
	GlobalSection(ProjectConfigurationPlatforms) = postSolution
		{f2235db4-1574-4c74-b6a1-74afcbd32352}.Debug|Any CPU.ActiveCfg = Debug|Any CPU
		{f2235db4-1574-4c74-b6a1-74afcbd32352}.Debug|Any CPU.Build.0 = Debug|Any CPU
		{f2235db4-1574-4c74-b6a1-74afcbd32352}.Release|Any CPU.ActiveCfg = Release|Any CPU
		{f2235db4-1574-4c74-b6a1-74afcbd32352}.Release|Any CPU.Build.0 = Release|Any CPU
	EndGlobalSection
	GlobalSection(SolutionProperties) = preSolution
		HideSolutionNode = FALSE
	EndGlobalSection
EndGlobal
