
Microsoft Visual Studio Solution File, Format Version 12.00
# Visual Studio Version 16
VisualStudioVersion = 16.0.30011.22
MinimumVisualStudioVersion = 10.0.40219.1
Project("{FAE04EC0-301F-11D3-BF4B-00C04F79EFBC}") = "On Balance Volume", "On Balance Volume\On Balance Volume.csproj", "{96c0d3e0-56ab-4cd2-97dc-26110d69245c}"
EndProject
Global
	GlobalSection(SolutionConfigurationPlatforms) = preSolution
		Debug|Any CPU = Debug|Any CPU
		Release|Any CPU = Release|Any CPU
	EndGlobalSection
	GlobalSection(ProjectConfigurationPlatforms) = postSolution
		{96c0d3e0-56ab-4cd2-97dc-26110d69245c}.Debug|Any CPU.ActiveCfg = Debug|Any CPU
		{96c0d3e0-56ab-4cd2-97dc-26110d69245c}.Debug|Any CPU.Build.0 = Debug|Any CPU
		{96c0d3e0-56ab-4cd2-97dc-26110d69245c}.Release|Any CPU.ActiveCfg = Release|Any CPU
		{96c0d3e0-56ab-4cd2-97dc-26110d69245c}.Release|Any CPU.Build.0 = Release|Any CPU
	EndGlobalSection
	GlobalSection(SolutionProperties) = preSolution
		HideSolutionNode = FALSE
	EndGlobalSection
EndGlobal
