
Microsoft Visual Studio Solution File, Format Version 12.00
# Visual Studio Version 16
VisualStudioVersion = 16.0.30011.22
MinimumVisualStudioVersion = 10.0.40219.1
Project("{FAE04EC0-301F-11D3-BF4B-00C04F79EFBC}") = "Show Window Sample", "Show Window Sample\Show Window Sample.csproj", "{c1234794-1854-4f5e-af65-3f238cbc4e93}"
EndProject
Global
	GlobalSection(SolutionConfigurationPlatforms) = preSolution
		Debug|Any CPU = Debug|Any CPU
		Release|Any CPU = Release|Any CPU
	EndGlobalSection
	GlobalSection(ProjectConfigurationPlatforms) = postSolution
		{c1234794-1854-4f5e-af65-3f238cbc4e93}.Debug|Any CPU.ActiveCfg = Debug|Any CPU
		{c1234794-1854-4f5e-af65-3f238cbc4e93}.Debug|Any CPU.Build.0 = Debug|Any CPU
		{c1234794-1854-4f5e-af65-3f238cbc4e93}.Release|Any CPU.ActiveCfg = Release|Any CPU
		{c1234794-1854-4f5e-af65-3f238cbc4e93}.Release|Any CPU.Build.0 = Release|Any CPU
	EndGlobalSection
	GlobalSection(SolutionProperties) = preSolution
		HideSolutionNode = FALSE
	EndGlobalSection
EndGlobal
