
Microsoft Visual Studio Solution File, Format Version 12.00
# Visual Studio Version 16
VisualStudioVersion = 16.0.30011.22
MinimumVisualStudioVersion = 10.0.40219.1
Project("{FAE04EC0-301F-11D3-BF4B-00C04F79EFBC}") = "Market Facilitation Index", "Market Facilitation Index\Market Facilitation Index.csproj", "{c4d35de4-731d-4f44-ae75-f6e579a2e15c}"
EndProject
Global
	GlobalSection(SolutionConfigurationPlatforms) = preSolution
		Debug|Any CPU = Debug|Any CPU
		Release|Any CPU = Release|Any CPU
	EndGlobalSection
	GlobalSection(ProjectConfigurationPlatforms) = postSolution
		{c4d35de4-731d-4f44-ae75-f6e579a2e15c}.Debug|Any CPU.ActiveCfg = Debug|Any CPU
		{c4d35de4-731d-4f44-ae75-f6e579a2e15c}.Debug|Any CPU.Build.0 = Debug|Any CPU
		{c4d35de4-731d-4f44-ae75-f6e579a2e15c}.Release|Any CPU.ActiveCfg = Release|Any CPU
		{c4d35de4-731d-4f44-ae75-f6e579a2e15c}.Release|Any CPU.Build.0 = Release|Any CPU
	EndGlobalSection
	GlobalSection(SolutionProperties) = preSolution
		HideSolutionNode = FALSE
	EndGlobalSection
EndGlobal
