
Microsoft Visual Studio Solution File, Format Version 12.00
# Visual Studio Version 16
VisualStudioVersion = 16.0.30011.22
MinimumVisualStudioVersion = 10.0.40219.1
Project("{FAE04EC0-301F-11D3-BF4B-00C04F79EFBC}") = "Andrews Pitchfork Sample", "Andrews Pitchfork Sample\Andrews Pitchfork Sample.csproj", "{b5db2e63-8ff4-4bd6-a796-d2808ef7a30c}"
EndProject
Global
	GlobalSection(SolutionConfigurationPlatforms) = preSolution
		Debug|Any CPU = Debug|Any CPU
		Release|Any CPU = Release|Any CPU
	EndGlobalSection
	GlobalSection(ProjectConfigurationPlatforms) = postSolution
		{b5db2e63-8ff4-4bd6-a796-d2808ef7a30c}.Debug|Any CPU.ActiveCfg = Debug|Any CPU
		{b5db2e63-8ff4-4bd6-a796-d2808ef7a30c}.Debug|Any CPU.Build.0 = Debug|Any CPU
		{b5db2e63-8ff4-4bd6-a796-d2808ef7a30c}.Release|Any CPU.ActiveCfg = Release|Any CPU
		{b5db2e63-8ff4-4bd6-a796-d2808ef7a30c}.Release|Any CPU.Build.0 = Release|Any CPU
	EndGlobalSection
	GlobalSection(SolutionProperties) = preSolution
		HideSolutionNode = FALSE
	EndGlobalSection
EndGlobal
