
Microsoft Visual Studio Solution File, Format Version 12.00
# Visual Studio Version 16
VisualStudioVersion = 16.0.30011.22
MinimumVisualStudioVersion = 10.0.40219.1
Project("{FAE04EC0-301F-11D3-BF4B-00C04F79EFBC}") = "Vidya", "Vidya\Vidya.csproj", "{1d5bcaff-2cdd-4b10-8915-f1ccc141c89e}"
EndProject
Global
	GlobalSection(SolutionConfigurationPlatforms) = preSolution
		Debug|Any CPU = Debug|Any CPU
		Release|Any CPU = Release|Any CPU
	EndGlobalSection
	GlobalSection(ProjectConfigurationPlatforms) = postSolution
		{1d5bcaff-2cdd-4b10-8915-f1ccc141c89e}.Debug|Any CPU.ActiveCfg = Debug|Any CPU
		{1d5bcaff-2cdd-4b10-8915-f1ccc141c89e}.Debug|Any CPU.Build.0 = Debug|Any CPU
		{1d5bcaff-2cdd-4b10-8915-f1ccc141c89e}.Release|Any CPU.ActiveCfg = Release|Any CPU
		{1d5bcaff-2cdd-4b10-8915-f1ccc141c89e}.Release|Any CPU.Build.0 = Release|Any CPU
	EndGlobalSection
	GlobalSection(SolutionProperties) = preSolution
		HideSolutionNode = FALSE
	EndGlobalSection
EndGlobal
