
Microsoft Visual Studio Solution File, Format Version 12.00
# Visual Studio Version 16
VisualStudioVersion = 16.0.30011.22
MinimumVisualStudioVersion = 10.0.40219.1
Project("{FAE04EC0-301F-11D3-BF4B-00C04F79EFBC}") = "ChartArea Sample", "ChartArea Sample\ChartArea Sample.csproj", "{f34774e9-6e88-4de7-a45c-47f04b7ac0cf}"
EndProject
Global
	GlobalSection(SolutionConfigurationPlatforms) = preSolution
		Debug|Any CPU = Debug|Any CPU
		Release|Any CPU = Release|Any CPU
	EndGlobalSection
	GlobalSection(ProjectConfigurationPlatforms) = postSolution
		{f34774e9-6e88-4de7-a45c-47f04b7ac0cf}.Debug|Any CPU.ActiveCfg = Debug|Any CPU
		{f34774e9-6e88-4de7-a45c-47f04b7ac0cf}.Debug|Any CPU.Build.0 = Debug|Any CPU
		{f34774e9-6e88-4de7-a45c-47f04b7ac0cf}.Release|Any CPU.ActiveCfg = Release|Any CPU
		{f34774e9-6e88-4de7-a45c-47f04b7ac0cf}.Release|Any CPU.Build.0 = Release|Any CPU
	EndGlobalSection
	GlobalSection(SolutionProperties) = preSolution
		HideSolutionNode = FALSE
	EndGlobalSection
EndGlobal
