
Microsoft Visual Studio Solution File, Format Version 12.00
# Visual Studio Version 16
VisualStudioVersion = 16.0.30011.22
MinimumVisualStudioVersion = 10.0.40219.1
Project("{FAE04EC0-301F-11D3-BF4B-00C04F79EFBC}") = "Sample Standard Deviation", "Sample Standard Deviation\Sample Standard Deviation.csproj", "{b6919c03-4357-4a18-9ded-f8ebd6548ee7}"
EndProject
Global
	GlobalSection(SolutionConfigurationPlatforms) = preSolution
		Debug|Any CPU = Debug|Any CPU
		Release|Any CPU = Release|Any CPU
	EndGlobalSection
	GlobalSection(ProjectConfigurationPlatforms) = postSolution
		{b6919c03-4357-4a18-9ded-f8ebd6548ee7}.Debug|Any CPU.ActiveCfg = Debug|Any CPU
		{b6919c03-4357-4a18-9ded-f8ebd6548ee7}.Debug|Any CPU.Build.0 = Debug|Any CPU
		{b6919c03-4357-4a18-9ded-f8ebd6548ee7}.Release|Any CPU.ActiveCfg = Release|Any CPU
		{b6919c03-4357-4a18-9ded-f8ebd6548ee7}.Release|Any CPU.Build.0 = Release|Any CPU
	EndGlobalSection
	GlobalSection(SolutionProperties) = preSolution
		HideSolutionNode = FALSE
	EndGlobalSection
EndGlobal
