
Microsoft Visual Studio Solution File, Format Version 12.00
# Visual Studio Version 16
VisualStudioVersion = 16.0.30011.22
MinimumVisualStudioVersion = 10.0.40219.1
Project("{FAE04EC0-301F-11D3-BF4B-00C04F79EFBC}") = "CheckBox Control Sample", "CheckBox Control Sample\CheckBox Control Sample.csproj", "{bf54a577-6702-4f5c-972a-debde331c88c}"
EndProject
Global
	GlobalSection(SolutionConfigurationPlatforms) = preSolution
		Debug|Any CPU = Debug|Any CPU
		Release|Any CPU = Release|Any CPU
	EndGlobalSection
	GlobalSection(ProjectConfigurationPlatforms) = postSolution
		{bf54a577-6702-4f5c-972a-debde331c88c}.Debug|Any CPU.ActiveCfg = Debug|Any CPU
		{bf54a577-6702-4f5c-972a-debde331c88c}.Debug|Any CPU.Build.0 = Debug|Any CPU
		{bf54a577-6702-4f5c-972a-debde331c88c}.Release|Any CPU.ActiveCfg = Release|Any CPU
		{bf54a577-6702-4f5c-972a-debde331c88c}.Release|Any CPU.Build.0 = Release|Any CPU
	EndGlobalSection
	GlobalSection(SolutionProperties) = preSolution
		HideSolutionNode = FALSE
	EndGlobalSection
EndGlobal
